
Microsoft Visual Studio Solution File, Format Version 12.00
# Visual Studio Version 17
VisualStudioVersion = 17.5.2.0
MinimumVisualStudioVersion = 10.0.40219.1
Project("{2150E333-8FDC-42A3-9474-1A3956D46DE8}") = "src", "src", "{827E0CD3-B72D-47B6-A68D-7590B98EB39B}"
EndProject
Project("{2150E333-8FDC-42A3-9474-1A3956D46DE8}") = "Gateway", "Gateway", "{6306A8FB-679E-111F-6585-8F70E0EE6013}"
EndProject
Project("{FAE04EC0-301F-11D3-BF4B-00C04F79EFBC}") = "Gateway.API", "src\Gateway\Gateway.API\Gateway.API.csproj", "{A359940B-6246-3645-1736-47A521688789}"
EndProject
Project("{2150E333-8FDC-42A3-9474-1A3956D46DE8}") = "Language", "Language", "{7F9B66B2-D331-51C0-1A24-7BEE5068BA27}"
EndProject
Project("{FAE04EC0-301F-11D3-BF4B-00C04F79EFBC}") = "Language.API", "src\Language\Language.API\Language.API.csproj", "{2EF7A28C-32C3-3E24-A83E-BE672CFEBC40}"
EndProject
Project("{2150E333-8FDC-42A3-9474-1A3956D46DE8}") = "User", "User", "{7AC3F7AD-D387-ADEE-1515-A3FA1E14CC29}"
EndProject
Project("{FAE04EC0-301F-11D3-BF4B-00C04F79EFBC}") = "User.API", "src\User\User.API\User.API.csproj", "{E8C3636D-1923-76C6-56E6-3AEFB0FD4992}"
EndProject
Project("{2150E333-8FDC-42A3-9474-1A3956D46DE8}") = "Aspire", "Aspire", "{52BF7FB6-37FF-5100-EFD1-124EFF302675}"
EndProject
Project("{FAE04EC0-301F-11D3-BF4B-00C04F79EFBC}") = "Learning.AppHost", "src\Aspire\Learning.AppHost\Learning.AppHost.csproj", "{70D013EE-989B-4CBF-8E1C-CA1F75546E79}"
EndProject
Project("{FAE04EC0-301F-11D3-BF4B-00C04F79EFBC}") = "Learning.ServiceDefaults", "src\Aspire\Learning.ServiceDefaults\Learning.ServiceDefaults.csproj", "{AFAE6FA3-3529-43F8-85B5-7A83F757ED04}"
EndProject
Project("{2150E333-8FDC-42A3-9474-1A3956D46DE8}") = "Email", "Email", "{E47D4263-8589-E069-84FB-21A89CE71B21}"
EndProject
Project("{FAE04EC0-301F-11D3-BF4B-00C04F79EFBC}") = "Email.API", "src\Email\Email.API\Email.API.csproj", "{4C495A49-6ABC-41DF-887A-90B938AC8DCF}"
EndProject
Project("{FAE04EC0-301F-11D3-BF4B-00C04F79EFBC}") = "Email.Application", "src\Email\Email.Application\Email.Application.csproj", "{FC8AE359-B59E-4C5F-A984-B4440569D4AD}"
EndProject
Project("{FAE04EC0-301F-11D3-BF4B-00C04F79EFBC}") = "Email.Domain", "src\Email\Email.Domain\Email.Domain.csproj", "{5608EE6E-6E4A-4395-B919-0476FB66F783}"
EndProject
Project("{FAE04EC0-301F-11D3-BF4B-00C04F79EFBC}") = "Email.Infrastructure", "src\Email\Email.Infrastructure\Email.Infrastructure.csproj", "{C4D387FC-0F8F-4306-8B0F-6C91D01FCDE3}"
EndProject
Project("{2150E333-8FDC-42A3-9474-1A3956D46DE8}") = "Learning-Web", "Learning-Web", "{0585139F-B7FE-36FA-744A-F9F22F5C03BA}"
EndProject
Project("{2150E333-8FDC-42A3-9474-1A3956D46DE8}") = "Orchestrator-Even-Stream", "Orchestrator-Even-Stream", "{84A395CC-B1E1-2ED5-96CA-7F767A850C3C}"
EndProject
Project("{FAE04EC0-301F-11D3-BF4B-00C04F79EFBC}") = "Orchestrator-Even-Stream.Application", "src\Orchestrator-Even-Stream\Orchestrator-Even-Stream.Application\Orchestrator-Even-Stream.Application.csproj", "{3BE22EC7-E3F6-4941-8BFD-317331767440}"
EndProject
Project("{FAE04EC0-301F-11D3-BF4B-00C04F79EFBC}") = "Orchestrator-Even-Stream.Domain", "src\Orchestrator-Even-Stream\Orchestrator-Even-Stream.Domain\Orchestrator-Even-Stream.Domain.csproj", "{330FD203-6F05-44C6-BAEA-6DEB12B0A1D5}"
EndProject
Project("{FAE04EC0-301F-11D3-BF4B-00C04F79EFBC}") = "Orchestrator-Even-Stream.Infrastructure", "src\Orchestrator-Even-Stream\Orchestrator-Even-Stream.Infrastructure\Orchestrator-Even-Stream.Infrastructure.csproj", "{20CD4322-8978-42A3-A583-F95BEE527425}"
EndProject
Project("{FAE04EC0-301F-11D3-BF4B-00C04F79EFBC}") = "Orchestrator-Even-Stream.Worker", "src\Orchestrator-Even-Stream\Orchestrator-Even-Stream.Worker\Orchestrator-Even-Stream.Worker.csproj", "{5B98098A-73F4-48D7-9958-1D1C9DB1BA0C}"
EndProject
Project("{FAE04EC0-301F-11D3-BF4B-00C04F79EFBC}") = "Language.Application", "src\Language\Language.Application\Language.Application.csproj", "{DF946299-7F4C-48EA-B292-419595809420}"
EndProject
Project("{FAE04EC0-301F-11D3-BF4B-00C04F79EFBC}") = "Language.Domain", "src\Language\Language.Domain\Language.Domain.csproj", "{3408F68F-DC87-49CB-AADE-E62CCE4E8FC7}"
EndProject
Project("{FAE04EC0-301F-11D3-BF4B-00C04F79EFBC}") = "Language.Infrastructure", "src\Language\Language.Infrastructure\Language.Infrastructure.csproj", "{E52CBD03-A7AB-473F-AB01-EF8C47EC8A38}"
EndProject
Project("{2150E333-8FDC-42A3-9474-1A3956D46DE8}") = "SolutionItem", "SolutionItem", "{02EA681E-C7D8-13C7-8484-4AC65E1B71E8}"
	ProjectSection(SolutionItems) = preProject
		README.md = README.md
	EndProjectSection
EndProject
Global
	GlobalSection(SolutionConfigurationPlatforms) = preSolution
		Debug|Any CPU = Debug|Any CPU
		Debug|x64 = Debug|x64
		Debug|x86 = Debug|x86
		Release|Any CPU = Release|Any CPU
		Release|x64 = Release|x64
		Release|x86 = Release|x86
	EndGlobalSection
	GlobalSection(ProjectConfigurationPlatforms) = postSolution
		{A359940B-6246-3645-1736-47A521688789}.Debug|Any CPU.ActiveCfg = Debug|Any CPU
		{A359940B-6246-3645-1736-47A521688789}.Debug|Any CPU.Build.0 = Debug|Any CPU
		{A359940B-6246-3645-1736-47A521688789}.Debug|x64.ActiveCfg = Debug|Any CPU
		{A359940B-6246-3645-1736-47A521688789}.Debug|x64.Build.0 = Debug|Any CPU
		{A359940B-6246-3645-1736-47A521688789}.Debug|x86.ActiveCfg = Debug|Any CPU
		{A359940B-6246-3645-1736-47A521688789}.Debug|x86.Build.0 = Debug|Any CPU
		{A359940B-6246-3645-1736-47A521688789}.Release|Any CPU.ActiveCfg = Release|Any CPU
		{A359940B-6246-3645-1736-47A521688789}.Release|Any CPU.Build.0 = Release|Any CPU
		{A359940B-6246-3645-1736-47A521688789}.Release|x64.ActiveCfg = Release|Any CPU
		{A359940B-6246-3645-1736-47A521688789}.Release|x64.Build.0 = Release|Any CPU
		{A359940B-6246-3645-1736-47A521688789}.Release|x86.ActiveCfg = Release|Any CPU
		{A359940B-6246-3645-1736-47A521688789}.Release|x86.Build.0 = Release|Any CPU
		{2EF7A28C-32C3-3E24-A83E-BE672CFEBC40}.Debug|Any CPU.ActiveCfg = Debug|Any CPU
		{2EF7A28C-32C3-3E24-A83E-BE672CFEBC40}.Debug|Any CPU.Build.0 = Debug|Any CPU
		{2EF7A28C-32C3-3E24-A83E-BE672CFEBC40}.Debug|x64.ActiveCfg = Debug|Any CPU
		{2EF7A28C-32C3-3E24-A83E-BE672CFEBC40}.Debug|x64.Build.0 = Debug|Any CPU
		{2EF7A28C-32C3-3E24-A83E-BE672CFEBC40}.Debug|x86.ActiveCfg = Debug|Any CPU
		{2EF7A28C-32C3-3E24-A83E-BE672CFEBC40}.Debug|x86.Build.0 = Debug|Any CPU
		{2EF7A28C-32C3-3E24-A83E-BE672CFEBC40}.Release|Any CPU.ActiveCfg = Release|Any CPU
		{2EF7A28C-32C3-3E24-A83E-BE672CFEBC40}.Release|Any CPU.Build.0 = Release|Any CPU
		{2EF7A28C-32C3-3E24-A83E-BE672CFEBC40}.Release|x64.ActiveCfg = Release|Any CPU
		{2EF7A28C-32C3-3E24-A83E-BE672CFEBC40}.Release|x64.Build.0 = Release|Any CPU
		{2EF7A28C-32C3-3E24-A83E-BE672CFEBC40}.Release|x86.ActiveCfg = Release|Any CPU
		{2EF7A28C-32C3-3E24-A83E-BE672CFEBC40}.Release|x86.Build.0 = Release|Any CPU
		{E8C3636D-1923-76C6-56E6-3AEFB0FD4992}.Debug|Any CPU.ActiveCfg = Debug|Any CPU
		{E8C3636D-1923-76C6-56E6-3AEFB0FD4992}.Debug|Any CPU.Build.0 = Debug|Any CPU
		{E8C3636D-1923-76C6-56E6-3AEFB0FD4992}.Debug|x64.ActiveCfg = Debug|Any CPU
		{E8C3636D-1923-76C6-56E6-3AEFB0FD4992}.Debug|x64.Build.0 = Debug|Any CPU
		{E8C3636D-1923-76C6-56E6-3AEFB0FD4992}.Debug|x86.ActiveCfg = Debug|Any CPU
		{E8C3636D-1923-76C6-56E6-3AEFB0FD4992}.Debug|x86.Build.0 = Debug|Any CPU
		{E8C3636D-1923-76C6-56E6-3AEFB0FD4992}.Release|Any CPU.ActiveCfg = Release|Any CPU
		{E8C3636D-1923-76C6-56E6-3AEFB0FD4992}.Release|Any CPU.Build.0 = Release|Any CPU
		{E8C3636D-1923-76C6-56E6-3AEFB0FD4992}.Release|x64.ActiveCfg = Release|Any CPU
		{E8C3636D-1923-76C6-56E6-3AEFB0FD4992}.Release|x64.Build.0 = Release|Any CPU
		{E8C3636D-1923-76C6-56E6-3AEFB0FD4992}.Release|x86.ActiveCfg = Release|Any CPU
		{E8C3636D-1923-76C6-56E6-3AEFB0FD4992}.Release|x86.Build.0 = Release|Any CPU
		{70D013EE-989B-4CBF-8E1C-CA1F75546E79}.Debug|Any CPU.ActiveCfg = Debug|Any CPU
		{70D013EE-989B-4CBF-8E1C-CA1F75546E79}.Debug|Any CPU.Build.0 = Debug|Any CPU
		{70D013EE-989B-4CBF-8E1C-CA1F75546E79}.Debug|x64.ActiveCfg = Debug|Any CPU
		{70D013EE-989B-4CBF-8E1C-CA1F75546E79}.Debug|x64.Build.0 = Debug|Any CPU
		{70D013EE-989B-4CBF-8E1C-CA1F75546E79}.Debug|x86.ActiveCfg = Debug|Any CPU
		{70D013EE-989B-4CBF-8E1C-CA1F75546E79}.Debug|x86.Build.0 = Debug|Any CPU
		{70D013EE-989B-4CBF-8E1C-CA1F75546E79}.Release|Any CPU.ActiveCfg = Release|Any CPU
		{70D013EE-989B-4CBF-8E1C-CA1F75546E79}.Release|Any CPU.Build.0 = Release|Any CPU
		{70D013EE-989B-4CBF-8E1C-CA1F75546E79}.Release|x64.ActiveCfg = Release|Any CPU
		{70D013EE-989B-4CBF-8E1C-CA1F75546E79}.Release|x64.Build.0 = Release|Any CPU
		{70D013EE-989B-4CBF-8E1C-CA1F75546E79}.Release|x86.ActiveCfg = Release|Any CPU
		{70D013EE-989B-4CBF-8E1C-CA1F75546E79}.Release|x86.Build.0 = Release|Any CPU
		{AFAE6FA3-3529-43F8-85B5-7A83F757ED04}.Debug|Any CPU.ActiveCfg = Debug|Any CPU
		{AFAE6FA3-3529-43F8-85B5-7A83F757ED04}.Debug|Any CPU.Build.0 = Debug|Any CPU
		{AFAE6FA3-3529-43F8-85B5-7A83F757ED04}.Debug|x64.ActiveCfg = Debug|Any CPU
		{AFAE6FA3-3529-43F8-85B5-7A83F757ED04}.Debug|x64.Build.0 = Debug|Any CPU
		{AFAE6FA3-3529-43F8-85B5-7A83F757ED04}.Debug|x86.ActiveCfg = Debug|Any CPU
		{AFAE6FA3-3529-43F8-85B5-7A83F757ED04}.Debug|x86.Build.0 = Debug|Any CPU
		{AFAE6FA3-3529-43F8-85B5-7A83F757ED04}.Release|Any CPU.ActiveCfg = Release|Any CPU
		{AFAE6FA3-3529-43F8-85B5-7A83F757ED04}.Release|Any CPU.Build.0 = Release|Any CPU
		{AFAE6FA3-3529-43F8-85B5-7A83F757ED04}.Release|x64.ActiveCfg = Release|Any CPU
		{AFAE6FA3-3529-43F8-85B5-7A83F757ED04}.Release|x64.Build.0 = Release|Any CPU
		{AFAE6FA3-3529-43F8-85B5-7A83F757ED04}.Release|x86.ActiveCfg = Release|Any CPU
		{AFAE6FA3-3529-43F8-85B5-7A83F757ED04}.Release|x86.Build.0 = Release|Any CPU
		{4C495A49-6ABC-41DF-887A-90B938AC8DCF}.Debug|Any CPU.ActiveCfg = Debug|Any CPU
		{4C495A49-6ABC-41DF-887A-90B938AC8DCF}.Debug|Any CPU.Build.0 = Debug|Any CPU
		{4C495A49-6ABC-41DF-887A-90B938AC8DCF}.Debug|x64.ActiveCfg = Debug|Any CPU
		{4C495A49-6ABC-41DF-887A-90B938AC8DCF}.Debug|x64.Build.0 = Debug|Any CPU
		{4C495A49-6ABC-41DF-887A-90B938AC8DCF}.Debug|x86.ActiveCfg = Debug|Any CPU
		{4C495A49-6ABC-41DF-887A-90B938AC8DCF}.Debug|x86.Build.0 = Debug|Any CPU
		{4C495A49-6ABC-41DF-887A-90B938AC8DCF}.Release|Any CPU.ActiveCfg = Release|Any CPU
		{4C495A49-6ABC-41DF-887A-90B938AC8DCF}.Release|Any CPU.Build.0 = Release|Any CPU
		{4C495A49-6ABC-41DF-887A-90B938AC8DCF}.Release|x64.ActiveCfg = Release|Any CPU
		{4C495A49-6ABC-41DF-887A-90B938AC8DCF}.Release|x64.Build.0 = Release|Any CPU
		{4C495A49-6ABC-41DF-887A-90B938AC8DCF}.Release|x86.ActiveCfg = Release|Any CPU
		{4C495A49-6ABC-41DF-887A-90B938AC8DCF}.Release|x86.Build.0 = Release|Any CPU
		{FC8AE359-B59E-4C5F-A984-B4440569D4AD}.Debug|Any CPU.ActiveCfg = Debug|Any CPU
		{FC8AE359-B59E-4C5F-A984-B4440569D4AD}.Debug|Any CPU.Build.0 = Debug|Any CPU
		{FC8AE359-B59E-4C5F-A984-B4440569D4AD}.Debug|x64.ActiveCfg = Debug|Any CPU
		{FC8AE359-B59E-4C5F-A984-B4440569D4AD}.Debug|x64.Build.0 = Debug|Any CPU
		{FC8AE359-B59E-4C5F-A984-B4440569D4AD}.Debug|x86.ActiveCfg = Debug|Any CPU
		{FC8AE359-B59E-4C5F-A984-B4440569D4AD}.Debug|x86.Build.0 = Debug|Any CPU
		{FC8AE359-B59E-4C5F-A984-B4440569D4AD}.Release|Any CPU.ActiveCfg = Release|Any CPU
		{FC8AE359-B59E-4C5F-A984-B4440569D4AD}.Release|Any CPU.Build.0 = Release|Any CPU
		{FC8AE359-B59E-4C5F-A984-B4440569D4AD}.Release|x64.ActiveCfg = Release|Any CPU
		{FC8AE359-B59E-4C5F-A984-B4440569D4AD}.Release|x64.Build.0 = Release|Any CPU
		{FC8AE359-B59E-4C5F-A984-B4440569D4AD}.Release|x86.ActiveCfg = Release|Any CPU
		{FC8AE359-B59E-4C5F-A984-B4440569D4AD}.Release|x86.Build.0 = Release|Any CPU
		{5608EE6E-6E4A-4395-B919-0476FB66F783}.Debug|Any CPU.ActiveCfg = Debug|Any CPU
		{5608EE6E-6E4A-4395-B919-0476FB66F783}.Debug|Any CPU.Build.0 = Debug|Any CPU
		{5608EE6E-6E4A-4395-B919-0476FB66F783}.Debug|x64.ActiveCfg = Debug|Any CPU
		{5608EE6E-6E4A-4395-B919-0476FB66F783}.Debug|x64.Build.0 = Debug|Any CPU
		{5608EE6E-6E4A-4395-B919-0476FB66F783}.Debug|x86.ActiveCfg = Debug|Any CPU
		{5608EE6E-6E4A-4395-B919-0476FB66F783}.Debug|x86.Build.0 = Debug|Any CPU
		{5608EE6E-6E4A-4395-B919-0476FB66F783}.Release|Any CPU.ActiveCfg = Release|Any CPU
		{5608EE6E-6E4A-4395-B919-0476FB66F783}.Release|Any CPU.Build.0 = Release|Any CPU
		{5608EE6E-6E4A-4395-B919-0476FB66F783}.Release|x64.ActiveCfg = Release|Any CPU
		{5608EE6E-6E4A-4395-B919-0476FB66F783}.Release|x64.Build.0 = Release|Any CPU
		{5608EE6E-6E4A-4395-B919-0476FB66F783}.Release|x86.ActiveCfg = Release|Any CPU
		{5608EE6E-6E4A-4395-B919-0476FB66F783}.Release|x86.Build.0 = Release|Any CPU
		{C4D387FC-0F8F-4306-8B0F-6C91D01FCDE3}.Debug|Any CPU.ActiveCfg = Debug|Any CPU
		{C4D387FC-0F8F-4306-8B0F-6C91D01FCDE3}.Debug|Any CPU.Build.0 = Debug|Any CPU
		{C4D387FC-0F8F-4306-8B0F-6C91D01FCDE3}.Debug|x64.ActiveCfg = Debug|Any CPU
		{C4D387FC-0F8F-4306-8B0F-6C91D01FCDE3}.Debug|x64.Build.0 = Debug|Any CPU
		{C4D387FC-0F8F-4306-8B0F-6C91D01FCDE3}.Debug|x86.ActiveCfg = Debug|Any CPU
		{C4D387FC-0F8F-4306-8B0F-6C91D01FCDE3}.Debug|x86.Build.0 = Debug|Any CPU
		{C4D387FC-0F8F-4306-8B0F-6C91D01FCDE3}.Release|Any CPU.ActiveCfg = Release|Any CPU
		{C4D387FC-0F8F-4306-8B0F-6C91D01FCDE3}.Release|Any CPU.Build.0 = Release|Any CPU
		{C4D387FC-0F8F-4306-8B0F-6C91D01FCDE3}.Release|x64.ActiveCfg = Release|Any CPU
		{C4D387FC-0F8F-4306-8B0F-6C91D01FCDE3}.Release|x64.Build.0 = Release|Any CPU
		{C4D387FC-0F8F-4306-8B0F-6C91D01FCDE3}.Release|x86.ActiveCfg = Release|Any CPU
		{C4D387FC-0F8F-4306-8B0F-6C91D01FCDE3}.Release|x86.Build.0 = Release|Any CPU
		{3BE22EC7-E3F6-4941-8BFD-317331767440}.Debug|Any CPU.ActiveCfg = Debug|Any CPU
		{3BE22EC7-E3F6-4941-8BFD-317331767440}.Debug|Any CPU.Build.0 = Debug|Any CPU
		{3BE22EC7-E3F6-4941-8BFD-317331767440}.Debug|x64.ActiveCfg = Debug|Any CPU
		{3BE22EC7-E3F6-4941-8BFD-317331767440}.Debug|x64.Build.0 = Debug|Any CPU
		{3BE22EC7-E3F6-4941-8BFD-317331767440}.Debug|x86.ActiveCfg = Debug|Any CPU
		{3BE22EC7-E3F6-4941-8BFD-317331767440}.Debug|x86.Build.0 = Debug|Any CPU
		{3BE22EC7-E3F6-4941-8BFD-317331767440}.Release|Any CPU.ActiveCfg = Release|Any CPU
		{3BE22EC7-E3F6-4941-8BFD-317331767440}.Release|Any CPU.Build.0 = Release|Any CPU
		{3BE22EC7-E3F6-4941-8BFD-317331767440}.Release|x64.ActiveCfg = Release|Any CPU
		{3BE22EC7-E3F6-4941-8BFD-317331767440}.Release|x64.Build.0 = Release|Any CPU
		{3BE22EC7-E3F6-4941-8BFD-317331767440}.Release|x86.ActiveCfg = Release|Any CPU
		{3BE22EC7-E3F6-4941-8BFD-317331767440}.Release|x86.Build.0 = Release|Any CPU
		{330FD203-6F05-44C6-BAEA-6DEB12B0A1D5}.Debug|Any CPU.ActiveCfg = Debug|Any CPU
		{330FD203-6F05-44C6-BAEA-6DEB12B0A1D5}.Debug|Any CPU.Build.0 = Debug|Any CPU
		{330FD203-6F05-44C6-BAEA-6DEB12B0A1D5}.Debug|x64.ActiveCfg = Debug|Any CPU
		{330FD203-6F05-44C6-BAEA-6DEB12B0A1D5}.Debug|x64.Build.0 = Debug|Any CPU
		{330FD203-6F05-44C6-BAEA-6DEB12B0A1D5}.Debug|x86.ActiveCfg = Debug|Any CPU
		{330FD203-6F05-44C6-BAEA-6DEB12B0A1D5}.Debug|x86.Build.0 = Debug|Any CPU
		{330FD203-6F05-44C6-BAEA-6DEB12B0A1D5}.Release|Any CPU.ActiveCfg = Release|Any CPU
		{330FD203-6F05-44C6-BAEA-6DEB12B0A1D5}.Release|Any CPU.Build.0 = Release|Any CPU
		{330FD203-6F05-44C6-BAEA-6DEB12B0A1D5}.Release|x64.ActiveCfg = Release|Any CPU
		{330FD203-6F05-44C6-BAEA-6DEB12B0A1D5}.Release|x64.Build.0 = Release|Any CPU
		{330FD203-6F05-44C6-BAEA-6DEB12B0A1D5}.Release|x86.ActiveCfg = Release|Any CPU
		{330FD203-6F05-44C6-BAEA-6DEB12B0A1D5}.Release|x86.Build.0 = Release|Any CPU
		{20CD4322-8978-42A3-A583-F95BEE527425}.Debug|Any CPU.ActiveCfg = Debug|Any CPU
		{20CD4322-8978-42A3-A583-F95BEE527425}.Debug|Any CPU.Build.0 = Debug|Any CPU
		{20CD4322-8978-42A3-A583-F95BEE527425}.Debug|x64.ActiveCfg = Debug|Any CPU
		{20CD4322-8978-42A3-A583-F95BEE527425}.Debug|x64.Build.0 = Debug|Any CPU
		{20CD4322-8978-42A3-A583-F95BEE527425}.Debug|x86.ActiveCfg = Debug|Any CPU
		{20CD4322-8978-42A3-A583-F95BEE527425}.Debug|x86.Build.0 = Debug|Any CPU
		{20CD4322-8978-42A3-A583-F95BEE527425}.Release|Any CPU.ActiveCfg = Release|Any CPU
		{20CD4322-8978-42A3-A583-F95BEE527425}.Release|Any CPU.Build.0 = Release|Any CPU
		{20CD4322-8978-42A3-A583-F95BEE527425}.Release|x64.ActiveCfg = Release|Any CPU
		{20CD4322-8978-42A3-A583-F95BEE527425}.Release|x64.Build.0 = Release|Any CPU
		{20CD4322-8978-42A3-A583-F95BEE527425}.Release|x86.ActiveCfg = Release|Any CPU
		{20CD4322-8978-42A3-A583-F95BEE527425}.Release|x86.Build.0 = Release|Any CPU
		{5B98098A-73F4-48D7-9958-1D1C9DB1BA0C}.Debug|Any CPU.ActiveCfg = Debug|Any CPU
		{5B98098A-73F4-48D7-9958-1D1C9DB1BA0C}.Debug|Any CPU.Build.0 = Debug|Any CPU
		{5B98098A-73F4-48D7-9958-1D1C9DB1BA0C}.Debug|x64.ActiveCfg = Debug|Any CPU
		{5B98098A-73F4-48D7-9958-1D1C9DB1BA0C}.Debug|x64.Build.0 = Debug|Any CPU
		{5B98098A-73F4-48D7-9958-1D1C9DB1BA0C}.Debug|x86.ActiveCfg = Debug|Any CPU
		{5B98098A-73F4-48D7-9958-1D1C9DB1BA0C}.Debug|x86.Build.0 = Debug|Any CPU
		{5B98098A-73F4-48D7-9958-1D1C9DB1BA0C}.Release|Any CPU.ActiveCfg = Release|Any CPU
		{5B98098A-73F4-48D7-9958-1D1C9DB1BA0C}.Release|Any CPU.Build.0 = Release|Any CPU
		{5B98098A-73F4-48D7-9958-1D1C9DB1BA0C}.Release|x64.ActiveCfg = Release|Any CPU
		{5B98098A-73F4-48D7-9958-1D1C9DB1BA0C}.Release|x64.Build.0 = Release|Any CPU
		{5B98098A-73F4-48D7-9958-1D1C9DB1BA0C}.Release|x86.ActiveCfg = Release|Any CPU
		{5B98098A-73F4-48D7-9958-1D1C9DB1BA0C}.Release|x86.Build.0 = Release|Any CPU
		{DF946299-7F4C-48EA-B292-419595809420}.Debug|Any CPU.ActiveCfg = Debug|Any CPU
		{DF946299-7F4C-48EA-B292-419595809420}.Debug|Any CPU.Build.0 = Debug|Any CPU
		{DF946299-7F4C-48EA-B292-419595809420}.Debug|x64.ActiveCfg = Debug|Any CPU
		{DF946299-7F4C-48EA-B292-419595809420}.Debug|x64.Build.0 = Debug|Any CPU
		{DF946299-7F4C-48EA-B292-419595809420}.Debug|x86.ActiveCfg = Debug|Any CPU
		{DF946299-7F4C-48EA-B292-419595809420}.Debug|x86.Build.0 = Debug|Any CPU
		{DF946299-7F4C-48EA-B292-419595809420}.Release|Any CPU.ActiveCfg = Release|Any CPU
		{DF946299-7F4C-48EA-B292-419595809420}.Release|Any CPU.Build.0 = Release|Any CPU
		{DF946299-7F4C-48EA-B292-419595809420}.Release|x64.ActiveCfg = Release|Any CPU
		{DF946299-7F4C-48EA-B292-419595809420}.Release|x64.Build.0 = Release|Any CPU
		{DF946299-7F4C-48EA-B292-419595809420}.Release|x86.ActiveCfg = Release|Any CPU
		{DF946299-7F4C-48EA-B292-419595809420}.Release|x86.Build.0 = Release|Any CPU
		{3408F68F-DC87-49CB-AADE-E62CCE4E8FC7}.Debug|Any CPU.ActiveCfg = Debug|Any CPU
		{3408F68F-DC87-49CB-AADE-E62CCE4E8FC7}.Debug|Any CPU.Build.0 = Debug|Any CPU
		{3408F68F-DC87-49CB-AADE-E62CCE4E8FC7}.Debug|x64.ActiveCfg = Debug|Any CPU
		{3408F68F-DC87-49CB-AADE-E62CCE4E8FC7}.Debug|x64.Build.0 = Debug|Any CPU
		{3408F68F-DC87-49CB-AADE-E62CCE4E8FC7}.Debug|x86.ActiveCfg = Debug|Any CPU
		{3408F68F-DC87-49CB-AADE-E62CCE4E8FC7}.Debug|x86.Build.0 = Debug|Any CPU
		{3408F68F-DC87-49CB-AADE-E62CCE4E8FC7}.Release|Any CPU.ActiveCfg = Release|Any CPU
		{3408F68F-DC87-49CB-AADE-E62CCE4E8FC7}.Release|Any CPU.Build.0 = Release|Any CPU
		{3408F68F-DC87-49CB-AADE-E62CCE4E8FC7}.Release|x64.ActiveCfg = Release|Any CPU
		{3408F68F-DC87-49CB-AADE-E62CCE4E8FC7}.Release|x64.Build.0 = Release|Any CPU
		{3408F68F-DC87-49CB-AADE-E62CCE4E8FC7}.Release|x86.ActiveCfg = Release|Any CPU
		{3408F68F-DC87-49CB-AADE-E62CCE4E8FC7}.Release|x86.Build.0 = Release|Any CPU
		{E52CBD03-A7AB-473F-AB01-EF8C47EC8A38}.Debug|Any CPU.ActiveCfg = Debug|Any CPU
		{E52CBD03-A7AB-473F-AB01-EF8C47EC8A38}.Debug|Any CPU.Build.0 = Debug|Any CPU
		{E52CBD03-A7AB-473F-AB01-EF8C47EC8A38}.Debug|x64.ActiveCfg = Debug|Any CPU
		{E52CBD03-A7AB-473F-AB01-EF8C47EC8A38}.Debug|x64.Build.0 = Debug|Any CPU
		{E52CBD03-A7AB-473F-AB01-EF8C47EC8A38}.Debug|x86.ActiveCfg = Debug|Any CPU
		{E52CBD03-A7AB-473F-AB01-EF8C47EC8A38}.Debug|x86.Build.0 = Debug|Any CPU
		{E52CBD03-A7AB-473F-AB01-EF8C47EC8A38}.Release|Any CPU.ActiveCfg = Release|Any CPU
		{E52CBD03-A7AB-473F-AB01-EF8C47EC8A38}.Release|Any CPU.Build.0 = Release|Any CPU
		{E52CBD03-A7AB-473F-AB01-EF8C47EC8A38}.Release|x64.ActiveCfg = Release|Any CPU
		{E52CBD03-A7AB-473F-AB01-EF8C47EC8A38}.Release|x64.Build.0 = Release|Any CPU
		{E52CBD03-A7AB-473F-AB01-EF8C47EC8A38}.Release|x86.ActiveCfg = Release|Any CPU
		{E52CBD03-A7AB-473F-AB01-EF8C47EC8A38}.Release|x86.Build.0 = Release|Any CPU
	EndGlobalSection
	GlobalSection(SolutionProperties) = preSolution
		HideSolutionNode = FALSE
	EndGlobalSection
	GlobalSection(NestedProjects) = preSolution
		{6306A8FB-679E-111F-6585-8F70E0EE6013} = {827E0CD3-B72D-47B6-A68D-7590B98EB39B}
		{A359940B-6246-3645-1736-47A521688789} = {6306A8FB-679E-111F-6585-8F70E0EE6013}
		{7F9B66B2-D331-51C0-1A24-7BEE5068BA27} = {827E0CD3-B72D-47B6-A68D-7590B98EB39B}
		{2EF7A28C-32C3-3E24-A83E-BE672CFEBC40} = {7F9B66B2-D331-51C0-1A24-7BEE5068BA27}
		{7AC3F7AD-D387-ADEE-1515-A3FA1E14CC29} = {827E0CD3-B72D-47B6-A68D-7590B98EB39B}
		{E8C3636D-1923-76C6-56E6-3AEFB0FD4992} = {7AC3F7AD-D387-ADEE-1515-A3FA1E14CC29}
		{52BF7FB6-37FF-5100-EFD1-124EFF302675} = {827E0CD3-B72D-47B6-A68D-7590B98EB39B}
		{70D013EE-989B-4CBF-8E1C-CA1F75546E79} = {52BF7FB6-37FF-5100-EFD1-124EFF302675}
		{AFAE6FA3-3529-43F8-85B5-7A83F757ED04} = {52BF7FB6-37FF-5100-EFD1-124EFF302675}
		{E47D4263-8589-E069-84FB-21A89CE71B21} = {827E0CD3-B72D-47B6-A68D-7590B98EB39B}
		{4C495A49-6ABC-41DF-887A-90B938AC8DCF} = {E47D4263-8589-E069-84FB-21A89CE71B21}
		{FC8AE359-B59E-4C5F-A984-B4440569D4AD} = {E47D4263-8589-E069-84FB-21A89CE71B21}
		{5608EE6E-6E4A-4395-B919-0476FB66F783} = {E47D4263-8589-E069-84FB-21A89CE71B21}
		{C4D387FC-0F8F-4306-8B0F-6C91D01FCDE3} = {E47D4263-8589-E069-84FB-21A89CE71B21}
		{0585139F-B7FE-36FA-744A-F9F22F5C03BA} = {827E0CD3-B72D-47B6-A68D-7590B98EB39B}
		{84A395CC-B1E1-2ED5-96CA-7F767A850C3C} = {827E0CD3-B72D-47B6-A68D-7590B98EB39B}
		{3BE22EC7-E3F6-4941-8BFD-317331767440} = {84A395CC-B1E1-2ED5-96CA-7F767A850C3C}
		{330FD203-6F05-44C6-BAEA-6DEB12B0A1D5} = {84A395CC-B1E1-2ED5-96CA-7F767A850C3C}
		{20CD4322-8978-42A3-A583-F95BEE527425} = {84A395CC-B1E1-2ED5-96CA-7F767A850C3C}
		{5B98098A-73F4-48D7-9958-1D1C9DB1BA0C} = {84A395CC-B1E1-2ED5-96CA-7F767A850C3C}
		{DF946299-7F4C-48EA-B292-419595809420} = {7F9B66B2-D331-51C0-1A24-7BEE5068BA27}
		{3408F68F-DC87-49CB-AADE-E62CCE4E8FC7} = {7F9B66B2-D331-51C0-1A24-7BEE5068BA27}
		{E52CBD03-A7AB-473F-AB01-EF8C47EC8A38} = {7F9B66B2-D331-51C0-1A24-7BEE5068BA27}
	EndGlobalSection
	GlobalSection(ExtensibilityGlobals) = postSolution
		SolutionGuid = {0BE74C50-496E-4CC7-B5B4-37817CDBB117}
	EndGlobalSection
EndGlobal
