
Microsoft Visual Studio Solution File, Format Version 12.00
# Visual Studio Version 17
VisualStudioVersion = 17.5.2.0
MinimumVisualStudioVersion = 10.0.40219.1
Project("{2150E333-8FDC-42A3-9474-1A3956D46DE8}") = "src", "src", "{827E0CD3-B72D-47B6-A68D-7590B98EB39B}"
EndProject
Project("{2150E333-8FDC-42A3-9474-1A3956D46DE8}") = "Gateway", "Gateway", "{6306A8FB-679E-111F-6585-8F70E0EE6013}"
EndProject
Project("{FAE04EC0-301F-11D3-BF4B-00C04F79EFBC}") = "Gateway.API", "src\Gateway\Gateway.API\Gateway.API.csproj", "{A359940B-6246-3645-1736-47A521688789}"
EndProject
Project("{2150E333-8FDC-42A3-9474-1A3956D46DE8}") = "Language", "Language", "{7F9B66B2-D331-51C0-1A24-7BEE5068BA27}"
EndProject
Project("{FAE04EC0-301F-11D3-BF4B-00C04F79EFBC}") = "Language.API", "src\Language\Language.API\Language.API.csproj", "{2EF7A28C-32C3-3E24-A83E-BE672CFEBC40}"
EndProject
Project("{2150E333-8FDC-42A3-9474-1A3956D46DE8}") = "User", "User", "{7AC3F7AD-D387-ADEE-1515-A3FA1E14CC29}"
EndProject
Project("{FAE04EC0-301F-11D3-BF4B-00C04F79EFBC}") = "User.API", "src\User\User.API\User.API.csproj", "{E8C3636D-1923-76C6-56E6-3AEFB0FD4992}"
EndProject
Project("{2150E333-8FDC-42A3-9474-1A3956D46DE8}") = "Aspire", "Aspire", "{52BF7FB6-37FF-5100-EFD1-124EFF302675}"
EndProject
Project("{FAE04EC0-301F-11D3-BF4B-00C04F79EFBC}") = "Learning.AppHost", "src\Aspire\Learning.AppHost\Learning.AppHost.csproj", "{70D013EE-989B-4CBF-8E1C-CA1F75546E79}"
EndProject
Project("{FAE04EC0-301F-11D3-BF4B-00C04F79EFBC}") = "Learning.ServiceDefaults", "src\Aspire\Learning.ServiceDefaults\Learning.ServiceDefaults.csproj", "{AFAE6FA3-3529-43F8-85B5-7A83F757ED04}"
EndProject
Global
	GlobalSection(SolutionConfigurationPlatforms) = preSolution
		Debug|Any CPU = Debug|Any CPU
		Debug|x64 = Debug|x64
		Debug|x86 = Debug|x86
		Release|Any CPU = Release|Any CPU
		Release|x64 = Release|x64
		Release|x86 = Release|x86
	EndGlobalSection
	GlobalSection(ProjectConfigurationPlatforms) = postSolution
		{A359940B-6246-3645-1736-47A521688789}.Debug|Any CPU.ActiveCfg = Debug|Any CPU
		{A359940B-6246-3645-1736-47A521688789}.Debug|Any CPU.Build.0 = Debug|Any CPU
		{A359940B-6246-3645-1736-47A521688789}.Debug|x64.ActiveCfg = Debug|Any CPU
		{A359940B-6246-3645-1736-47A521688789}.Debug|x64.Build.0 = Debug|Any CPU
		{A359940B-6246-3645-1736-47A521688789}.Debug|x86.ActiveCfg = Debug|Any CPU
		{A359940B-6246-3645-1736-47A521688789}.Debug|x86.Build.0 = Debug|Any CPU
		{A359940B-6246-3645-1736-47A521688789}.Release|Any CPU.ActiveCfg = Release|Any CPU
		{A359940B-6246-3645-1736-47A521688789}.Release|Any CPU.Build.0 = Release|Any CPU
		{A359940B-6246-3645-1736-47A521688789}.Release|x64.ActiveCfg = Release|Any CPU
		{A359940B-6246-3645-1736-47A521688789}.Release|x64.Build.0 = Release|Any CPU
		{A359940B-6246-3645-1736-47A521688789}.Release|x86.ActiveCfg = Release|Any CPU
		{A359940B-6246-3645-1736-47A521688789}.Release|x86.Build.0 = Release|Any CPU
		{2EF7A28C-32C3-3E24-A83E-BE672CFEBC40}.Debug|Any CPU.ActiveCfg = Debug|Any CPU
		{2EF7A28C-32C3-3E24-A83E-BE672CFEBC40}.Debug|Any CPU.Build.0 = Debug|Any CPU
		{2EF7A28C-32C3-3E24-A83E-BE672CFEBC40}.Debug|x64.ActiveCfg = Debug|Any CPU
		{2EF7A28C-32C3-3E24-A83E-BE672CFEBC40}.Debug|x64.Build.0 = Debug|Any CPU
		{2EF7A28C-32C3-3E24-A83E-BE672CFEBC40}.Debug|x86.ActiveCfg = Debug|Any CPU
		{2EF7A28C-32C3-3E24-A83E-BE672CFEBC40}.Debug|x86.Build.0 = Debug|Any CPU
		{2EF7A28C-32C3-3E24-A83E-BE672CFEBC40}.Release|Any CPU.ActiveCfg = Release|Any CPU
		{2EF7A28C-32C3-3E24-A83E-BE672CFEBC40}.Release|Any CPU.Build.0 = Release|Any CPU
		{2EF7A28C-32C3-3E24-A83E-BE672CFEBC40}.Release|x64.ActiveCfg = Release|Any CPU
		{2EF7A28C-32C3-3E24-A83E-BE672CFEBC40}.Release|x64.Build.0 = Release|Any CPU
		{2EF7A28C-32C3-3E24-A83E-BE672CFEBC40}.Release|x86.ActiveCfg = Release|Any CPU
		{2EF7A28C-32C3-3E24-A83E-BE672CFEBC40}.Release|x86.Build.0 = Release|Any CPU
		{E8C3636D-1923-76C6-56E6-3AEFB0FD4992}.Debug|Any CPU.ActiveCfg = Debug|Any CPU
		{E8C3636D-1923-76C6-56E6-3AEFB0FD4992}.Debug|Any CPU.Build.0 = Debug|Any CPU
		{E8C3636D-1923-76C6-56E6-3AEFB0FD4992}.Debug|x64.ActiveCfg = Debug|Any CPU
		{E8C3636D-1923-76C6-56E6-3AEFB0FD4992}.Debug|x64.Build.0 = Debug|Any CPU
		{E8C3636D-1923-76C6-56E6-3AEFB0FD4992}.Debug|x86.ActiveCfg = Debug|Any CPU
		{E8C3636D-1923-76C6-56E6-3AEFB0FD4992}.Debug|x86.Build.0 = Debug|Any CPU
		{E8C3636D-1923-76C6-56E6-3AEFB0FD4992}.Release|Any CPU.ActiveCfg = Release|Any CPU
		{E8C3636D-1923-76C6-56E6-3AEFB0FD4992}.Release|Any CPU.Build.0 = Release|Any CPU
		{E8C3636D-1923-76C6-56E6-3AEFB0FD4992}.Release|x64.ActiveCfg = Release|Any CPU
		{E8C3636D-1923-76C6-56E6-3AEFB0FD4992}.Release|x64.Build.0 = Release|Any CPU
		{E8C3636D-1923-76C6-56E6-3AEFB0FD4992}.Release|x86.ActiveCfg = Release|Any CPU
		{E8C3636D-1923-76C6-56E6-3AEFB0FD4992}.Release|x86.Build.0 = Release|Any CPU
		{70D013EE-989B-4CBF-8E1C-CA1F75546E79}.Debug|Any CPU.ActiveCfg = Debug|Any CPU
		{70D013EE-989B-4CBF-8E1C-CA1F75546E79}.Debug|Any CPU.Build.0 = Debug|Any CPU
		{70D013EE-989B-4CBF-8E1C-CA1F75546E79}.Debug|x64.ActiveCfg = Debug|Any CPU
		{70D013EE-989B-4CBF-8E1C-CA1F75546E79}.Debug|x64.Build.0 = Debug|Any CPU
		{70D013EE-989B-4CBF-8E1C-CA1F75546E79}.Debug|x86.ActiveCfg = Debug|Any CPU
		{70D013EE-989B-4CBF-8E1C-CA1F75546E79}.Debug|x86.Build.0 = Debug|Any CPU
		{70D013EE-989B-4CBF-8E1C-CA1F75546E79}.Release|Any CPU.ActiveCfg = Release|Any CPU
		{70D013EE-989B-4CBF-8E1C-CA1F75546E79}.Release|Any CPU.Build.0 = Release|Any CPU
		{70D013EE-989B-4CBF-8E1C-CA1F75546E79}.Release|x64.ActiveCfg = Release|Any CPU
		{70D013EE-989B-4CBF-8E1C-CA1F75546E79}.Release|x64.Build.0 = Release|Any CPU
		{70D013EE-989B-4CBF-8E1C-CA1F75546E79}.Release|x86.ActiveCfg = Release|Any CPU
		{70D013EE-989B-4CBF-8E1C-CA1F75546E79}.Release|x86.Build.0 = Release|Any CPU
		{AFAE6FA3-3529-43F8-85B5-7A83F757ED04}.Debug|Any CPU.ActiveCfg = Debug|Any CPU
		{AFAE6FA3-3529-43F8-85B5-7A83F757ED04}.Debug|Any CPU.Build.0 = Debug|Any CPU
		{AFAE6FA3-3529-43F8-85B5-7A83F757ED04}.Debug|x64.ActiveCfg = Debug|Any CPU
		{AFAE6FA3-3529-43F8-85B5-7A83F757ED04}.Debug|x64.Build.0 = Debug|Any CPU
		{AFAE6FA3-3529-43F8-85B5-7A83F757ED04}.Debug|x86.ActiveCfg = Debug|Any CPU
		{AFAE6FA3-3529-43F8-85B5-7A83F757ED04}.Debug|x86.Build.0 = Debug|Any CPU
		{AFAE6FA3-3529-43F8-85B5-7A83F757ED04}.Release|Any CPU.ActiveCfg = Release|Any CPU
		{AFAE6FA3-3529-43F8-85B5-7A83F757ED04}.Release|Any CPU.Build.0 = Release|Any CPU
		{AFAE6FA3-3529-43F8-85B5-7A83F757ED04}.Release|x64.ActiveCfg = Release|Any CPU
		{AFAE6FA3-3529-43F8-85B5-7A83F757ED04}.Release|x64.Build.0 = Release|Any CPU
		{AFAE6FA3-3529-43F8-85B5-7A83F757ED04}.Release|x86.ActiveCfg = Release|Any CPU
		{AFAE6FA3-3529-43F8-85B5-7A83F757ED04}.Release|x86.Build.0 = Release|Any CPU
	EndGlobalSection
	GlobalSection(SolutionProperties) = preSolution
		HideSolutionNode = FALSE
	EndGlobalSection
	GlobalSection(NestedProjects) = preSolution
		{6306A8FB-679E-111F-6585-8F70E0EE6013} = {827E0CD3-B72D-47B6-A68D-7590B98EB39B}
		{A359940B-6246-3645-1736-47A521688789} = {6306A8FB-679E-111F-6585-8F70E0EE6013}
		{7F9B66B2-D331-51C0-1A24-7BEE5068BA27} = {827E0CD3-B72D-47B6-A68D-7590B98EB39B}
		{2EF7A28C-32C3-3E24-A83E-BE672CFEBC40} = {7F9B66B2-D331-51C0-1A24-7BEE5068BA27}
		{7AC3F7AD-D387-ADEE-1515-A3FA1E14CC29} = {827E0CD3-B72D-47B6-A68D-7590B98EB39B}
		{E8C3636D-1923-76C6-56E6-3AEFB0FD4992} = {7AC3F7AD-D387-ADEE-1515-A3FA1E14CC29}
		{52BF7FB6-37FF-5100-EFD1-124EFF302675} = {827E0CD3-B72D-47B6-A68D-7590B98EB39B}
		{70D013EE-989B-4CBF-8E1C-CA1F75546E79} = {52BF7FB6-37FF-5100-EFD1-124EFF302675}
		{AFAE6FA3-3529-43F8-85B5-7A83F757ED04} = {52BF7FB6-37FF-5100-EFD1-124EFF302675}
	EndGlobalSection
	GlobalSection(ExtensibilityGlobals) = postSolution
		SolutionGuid = {0BE74C50-496E-4CC7-B5B4-37817CDBB117}
	EndGlobalSection
EndGlobal
